<?xml version="1.0" encoding="utf-8"?>
<Project ToolsVersion="4.0" xmlns="http://schemas.microsoft.com/developer/msbuild/2003">
  <ItemGroup>
    <Filter Include="Header Files">
      <UniqueIdentifier>{93995380-89BD-4b04-88EB-625FBE52EBFB}</UniqueIdentifier>
      <Extensions>h;hh;hpp;hxx;h++;hm;inl;inc;ipp;xsd</Extensions>
    </Filter>
    <Filter Include="Resource Files">
      <UniqueIdentifier>{67DA6AB6-F800-4c08-8B7A-83BB121AAD01}</UniqueIdentifier>
      <Extensions>rc;ico;cur;bmp;dlg;rc2;rct;bin;rgs;gif;jpg;jpeg;jpe;resx;tiff;tif;png;wav;mfcribbon-ms</Extensions>
    </Filter>
  </ItemGroup>
  <ItemGroup>
    <ClCompile Include="Source\main.cpp" />
    <ClCompile Include="glad.c" />
    <ClCompile Include="Source\graphics\DisplayManager.cpp" />
    <ClCompile Include="Source\graphics\Loader.cpp" />
    <ClCompile Include="Source\opengl\Vao.cpp" />
    <ClCompile Include="Source\opengl\Vbo.cpp" />
    <ClCompile Include="Source\shaders\ShaderProgram.cpp" />
    <ClCompile Include="Source\shaders\Uniform.cpp" />
    <ClCompile Include="Source\shaders\entities\EntityShader.cpp" />
  </ItemGroup>
  <ItemGroup>
    <ClInclude Include="Source\graphics\DisplayManager.h">
      <Filter>Header Files</Filter>
    </ClInclude>
    <ClInclude Include="Source\graphics\Loader.h">
      <Filter>Header Files</Filter>
    </ClInclude>
    <ClInclude Include="Source\opengl\Vao.h">
      <Filter>Header Files</Filter>
    </ClInclude>
    <ClInclude Include="Source\opengl\Vbo.h">
      <Filter>Header Files</Filter>
    </ClInclude>
    <ClInclude Include="Source\graphics\model\RawModel.h">
      <Filter>Header Files</Filter>
    </ClInclude>
    <ClInclude Include="Source\shaders\ShaderProgram.h">
      <Filter>Header Files</Filter>
    </ClInclude>
    <ClInclude Include="Source\shaders\Uniform.h">
      <Filter>Header Files</Filter>
    </ClInclude>
    <ClInclude Include="Source\shaders\entities\EntityShader.h">
      <Filter>Header Files</Filter>
    </ClInclude>
  </ItemGroup>
  <ItemGroup>
    <None Include="Source\shaders\entities\vertexShader.glsl" />
    <None Include="Source\shaders\entities\fragmentShader.glsl" />
  </ItemGroup>
</Project>